
Microsoft Visual Studio Solution File, Format Version 12.00
# Visual Studio Version 16
VisualStudioVersion = 16.0.31702.278
MinimumVisualStudioVersion = 10.0.40219.1
Project("{FAE04EC0-301F-11D3-BF4B-00C04F79EFBC}") = "AddressBook_Day9", "AddressBook_Day9\AddressBook_Day9.csproj", "{DCF35014-3F71-4F05-9891-1039D1AE0584}"
EndProject
Global
	GlobalSection(SolutionConfigurationPlatforms) = preSolution
		Debug|Any CPU = Debug|Any CPU
		Release|Any CPU = Release|Any CPU
	EndGlobalSection
	GlobalSection(ProjectConfigurationPlatforms) = postSolution
		{DCF35014-3F71-4F05-9891-1039D1AE0584}.Debug|Any CPU.ActiveCfg = Debug|Any CPU
		{DCF35014-3F71-4F05-9891-1039D1AE0584}.Debug|Any CPU.Build.0 = Debug|Any CPU
		{DCF35014-3F71-4F05-9891-1039D1AE0584}.Release|Any CPU.ActiveCfg = Release|Any CPU
		{DCF35014-3F71-4F05-9891-1039D1AE0584}.Release|Any CPU.Build.0 = Release|Any CPU
	EndGlobalSection
	GlobalSection(SolutionProperties) = preSolution
		HideSolutionNode = FALSE
	EndGlobalSection
	GlobalSection(ExtensibilityGlobals) = postSolution
		SolutionGuid = {550911D4-E456-4579-A33A-5413A3F2D162}
	EndGlobalSection
EndGlobal
